// !$*UTF8*$!
{
	archiveVersion = 1;
	classes = {
	};
	objectVersion = 55;
	objects = {

/* Begin PBXBuildFile section */
		3A09538846A071CAFDF67D98 /* Pods_Instagram_InstagramUITests.framework in Frameworks */ = {isa = PBXBuildFile; fileRef = 4280355E0DFCF7C085502E4F /* Pods_Instagram_InstagramUITests.framework */; };
		5961C9172FEB4D052C6DC1C2 /* Pods_InstagramTests.framework in Frameworks */ = {isa = PBXBuildFile; fileRef = 1872EC30D307CDBD5AC80688 /* Pods_InstagramTests.framework */; };
		ADE2CB9CC9D13599A385641C /* Pods_Instagram.framework in Frameworks */ = {isa = PBXBuildFile; fileRef = 81839E74393345E8EB5249B0 /* Pods_Instagram.framework */; };
		D64D18A5286A440C0040E439 /* instagram_assets in Resources */ = {isa = PBXBuildFile; fileRef = D64D18A4286A440C0040E439 /* instagram_assets */; };
		D64D18A8286A474F0040E439 /* LoginViewController.m in Sources */ = {isa = PBXBuildFile; fileRef = D64D18A7286A474F0040E439 /* LoginViewController.m */; };
		D64D18AB286A475C0040E439 /* HomeFeedViewController.m in Sources */ = {isa = PBXBuildFile; fileRef = D64D18AA286A475C0040E439 /* HomeFeedViewController.m */; };
		D64D18B1286A49550040E439 /* ProfileViewController.m in Sources */ = {isa = PBXBuildFile; fileRef = D64D18B0286A49550040E439 /* ProfileViewController.m */; };
		D64D18B4286A535A0040E439 /* ImagePickerViewController.m in Sources */ = {isa = PBXBuildFile; fileRef = D64D18B3286A535A0040E439 /* ImagePickerViewController.m */; };
		D64D18B7286A5E590040E439 /* Post.m in Sources */ = {isa = PBXBuildFile; fileRef = D64D18B6286A5E590040E439 /* Post.m */; };
		D64D18BA286A6DF60040E439 /* PostTableViewCell.m in Sources */ = {isa = PBXBuildFile; fileRef = D64D18B9286A6DF60040E439 /* PostTableViewCell.m */; };
		D64D18BD286AAFFF0040E439 /* DetailsViewController.m in Sources */ = {isa = PBXBuildFile; fileRef = D64D18BC286AAFFF0040E439 /* DetailsViewController.m */; };
		D650BEE1286A3F7700D28D22 /* AppDelegate.m in Sources */ = {isa = PBXBuildFile; fileRef = D650BEE0286A3F7700D28D22 /* AppDelegate.m */; };
		D650BEE4286A3F7700D28D22 /* SceneDelegate.m in Sources */ = {isa = PBXBuildFile; fileRef = D650BEE3286A3F7700D28D22 /* SceneDelegate.m */; };
		D650BEEA286A3F7800D28D22 /* Main.storyboard in Resources */ = {isa = PBXBuildFile; fileRef = D650BEE8286A3F7800D28D22 /* Main.storyboard */; };
		D650BEEC286A3F7800D28D22 /* Assets.xcassets in Resources */ = {isa = PBXBuildFile; fileRef = D650BEEB286A3F7800D28D22 /* Assets.xcassets */; };
		D650BEEF286A3F7800D28D22 /* LaunchScreen.storyboard in Resources */ = {isa = PBXBuildFile; fileRef = D650BEED286A3F7800D28D22 /* LaunchScreen.storyboard */; };
		D650BEF2286A3F7800D28D22 /* main.m in Sources */ = {isa = PBXBuildFile; fileRef = D650BEF1286A3F7800D28D22 /* main.m */; };
		D650BEFC286A3F7900D28D22 /* InstagramTests.m in Sources */ = {isa = PBXBuildFile; fileRef = D650BEFB286A3F7900D28D22 /* InstagramTests.m */; };
		D650BF06286A3F7900D28D22 /* InstagramUITests.m in Sources */ = {isa = PBXBuildFile; fileRef = D650BF05286A3F7900D28D22 /* InstagramUITests.m */; };
		D650BF08286A3F7900D28D22 /* InstagramUITestsLaunchTests.m in Sources */ = {isa = PBXBuildFile; fileRef = D650BF07286A3F7900D28D22 /* InstagramUITestsLaunchTests.m */; };
/* End PBXBuildFile section */

/* Begin PBXContainerItemProxy section */
		D650BEF8286A3F7900D28D22 /* PBXContainerItemProxy */ = {
			isa = PBXContainerItemProxy;
			containerPortal = D650BED4286A3F7700D28D22 /* Project object */;
			proxyType = 1;
			remoteGlobalIDString = D650BEDB286A3F7700D28D22;
			remoteInfo = Instagram;
		};
		D650BF02286A3F7900D28D22 /* PBXContainerItemProxy */ = {
			isa = PBXContainerItemProxy;
			containerPortal = D650BED4286A3F7700D28D22 /* Project object */;
			proxyType = 1;
			remoteGlobalIDString = D650BEDB286A3F7700D28D22;
			remoteInfo = Instagram;
		};
/* End PBXContainerItemProxy section */

/* Begin PBXFileReference section */
		0227BC461DC7D35477D93B33 /* Pods-Instagram.release.xcconfig */ = {isa = PBXFileReference; includeInIndex = 1; lastKnownFileType = text.xcconfig; name = "Pods-Instagram.release.xcconfig"; path = "Target Support Files/Pods-Instagram/Pods-Instagram.release.xcconfig"; sourceTree = "<group>"; };
		0CC2F3DE096B530868B80082 /* Pods-InstagramTests.debug.xcconfig */ = {isa = PBXFileReference; includeInIndex = 1; lastKnownFileType = text.xcconfig; name = "Pods-InstagramTests.debug.xcconfig"; path = "Target Support Files/Pods-InstagramTests/Pods-InstagramTests.debug.xcconfig"; sourceTree = "<group>"; };
		1872EC30D307CDBD5AC80688 /* Pods_InstagramTests.framework */ = {isa = PBXFileReference; explicitFileType = wrapper.framework; includeInIndex = 0; path = Pods_InstagramTests.framework; sourceTree = BUILT_PRODUCTS_DIR; };
		25E0F11B126D9D39C0F2CC84 /* Pods-InstagramTests.release.xcconfig */ = {isa = PBXFileReference; includeInIndex = 1; lastKnownFileType = text.xcconfig; name = "Pods-InstagramTests.release.xcconfig"; path = "Target Support Files/Pods-InstagramTests/Pods-InstagramTests.release.xcconfig"; sourceTree = "<group>"; };
		4280355E0DFCF7C085502E4F /* Pods_Instagram_InstagramUITests.framework */ = {isa = PBXFileReference; explicitFileType = wrapper.framework; includeInIndex = 0; path = Pods_Instagram_InstagramUITests.framework; sourceTree = BUILT_PRODUCTS_DIR; };
		81839E74393345E8EB5249B0 /* Pods_Instagram.framework */ = {isa = PBXFileReference; explicitFileType = wrapper.framework; includeInIndex = 0; path = Pods_Instagram.framework; sourceTree = BUILT_PRODUCTS_DIR; };
		8204C58829B14DE35223E27E /* Pods-Instagram-InstagramUITests.debug.xcconfig */ = {isa = PBXFileReference; includeInIndex = 1; lastKnownFileType = text.xcconfig; name = "Pods-Instagram-InstagramUITests.debug.xcconfig"; path = "Target Support Files/Pods-Instagram-InstagramUITests/Pods-Instagram-InstagramUITests.debug.xcconfig"; sourceTree = "<group>"; };
		D64D18A4286A440C0040E439 /* instagram_assets */ = {isa = PBXFileReference; lastKnownFileType = folder; path = instagram_assets; sourceTree = "<group>"; };
		D64D18A6286A474F0040E439 /* LoginViewController.h */ = {isa = PBXFileReference; lastKnownFileType = sourcecode.c.h; path = LoginViewController.h; sourceTree = "<group>"; };
		D64D18A7286A474F0040E439 /* LoginViewController.m */ = {isa = PBXFileReference; lastKnownFileType = sourcecode.c.objc; path = LoginViewController.m; sourceTree = "<group>"; };
		D64D18A9286A475C0040E439 /* HomeFeedViewController.h */ = {isa = PBXFileReference; lastKnownFileType = sourcecode.c.h; path = HomeFeedViewController.h; sourceTree = "<group>"; };
		D64D18AA286A475C0040E439 /* HomeFeedViewController.m */ = {isa = PBXFileReference; lastKnownFileType = sourcecode.c.objc; path = HomeFeedViewController.m; sourceTree = "<group>"; };
		D64D18AF286A49550040E439 /* ProfileViewController.h */ = {isa = PBXFileReference; lastKnownFileType = sourcecode.c.h; path = ProfileViewController.h; sourceTree = "<group>"; };
		D64D18B0286A49550040E439 /* ProfileViewController.m */ = {isa = PBXFileReference; lastKnownFileType = sourcecode.c.objc; path = ProfileViewController.m; sourceTree = "<group>"; };
		D64D18B2286A535A0040E439 /* ImagePickerViewController.h */ = {isa = PBXFileReference; lastKnownFileType = sourcecode.c.h; path = ImagePickerViewController.h; sourceTree = "<group>"; };
		D64D18B3286A535A0040E439 /* ImagePickerViewController.m */ = {isa = PBXFileReference; lastKnownFileType = sourcecode.c.objc; path = ImagePickerViewController.m; sourceTree = "<group>"; };
		D64D18B5286A5E590040E439 /* Post.h */ = {isa = PBXFileReference; lastKnownFileType = sourcecode.c.h; path = Post.h; sourceTree = "<group>"; };
		D64D18B6286A5E590040E439 /* Post.m */ = {isa = PBXFileReference; lastKnownFileType = sourcecode.c.objc; path = Post.m; sourceTree = "<group>"; };
		D64D18B8286A6DF60040E439 /* PostTableViewCell.h */ = {isa = PBXFileReference; lastKnownFileType = sourcecode.c.h; path = PostTableViewCell.h; sourceTree = "<group>"; };
		D64D18B9286A6DF60040E439 /* PostTableViewCell.m */ = {isa = PBXFileReference; lastKnownFileType = sourcecode.c.objc; path = PostTableViewCell.m; sourceTree = "<group>"; };
		D64D18BB286AAFFF0040E439 /* DetailsViewController.h */ = {isa = PBXFileReference; lastKnownFileType = sourcecode.c.h; path = DetailsViewController.h; sourceTree = "<group>"; };
		D64D18BC286AAFFF0040E439 /* DetailsViewController.m */ = {isa = PBXFileReference; lastKnownFileType = sourcecode.c.objc; path = DetailsViewController.m; sourceTree = "<group>"; };
		D650BEDC286A3F7700D28D22 /* Instagram.app */ = {isa = PBXFileReference; explicitFileType = wrapper.application; includeInIndex = 0; path = Instagram.app; sourceTree = BUILT_PRODUCTS_DIR; };
		D650BEDF286A3F7700D28D22 /* AppDelegate.h */ = {isa = PBXFileReference; lastKnownFileType = sourcecode.c.h; path = AppDelegate.h; sourceTree = "<group>"; };
		D650BEE0286A3F7700D28D22 /* AppDelegate.m */ = {isa = PBXFileReference; lastKnownFileType = sourcecode.c.objc; path = AppDelegate.m; sourceTree = "<group>"; };
		D650BEE2286A3F7700D28D22 /* SceneDelegate.h */ = {isa = PBXFileReference; lastKnownFileType = sourcecode.c.h; path = SceneDelegate.h; sourceTree = "<group>"; };
		D650BEE3286A3F7700D28D22 /* SceneDelegate.m */ = {isa = PBXFileReference; lastKnownFileType = sourcecode.c.objc; path = SceneDelegate.m; sourceTree = "<group>"; };
		D650BEE9286A3F7800D28D22 /* Base */ = {isa = PBXFileReference; lastKnownFileType = file.storyboard; name = Base; path = Base.lproj/Main.storyboard; sourceTree = "<group>"; };
		D650BEEB286A3F7800D28D22 /* Assets.xcassets */ = {isa = PBXFileReference; lastKnownFileType = folder.assetcatalog; path = Assets.xcassets; sourceTree = "<group>"; };
		D650BEEE286A3F7800D28D22 /* Base */ = {isa = PBXFileReference; lastKnownFileType = file.storyboard; name = Base; path = Base.lproj/LaunchScreen.storyboard; sourceTree = "<group>"; };
		D650BEF0286A3F7800D28D22 /* Info.plist */ = {isa = PBXFileReference; lastKnownFileType = text.plist.xml; path = Info.plist; sourceTree = "<group>"; };
		D650BEF1286A3F7800D28D22 /* main.m */ = {isa = PBXFileReference; lastKnownFileType = sourcecode.c.objc; path = main.m; sourceTree = "<group>"; };
		D650BEF7286A3F7900D28D22 /* InstagramTests.xctest */ = {isa = PBXFileReference; explicitFileType = wrapper.cfbundle; includeInIndex = 0; path = InstagramTests.xctest; sourceTree = BUILT_PRODUCTS_DIR; };
		D650BEFB286A3F7900D28D22 /* InstagramTests.m */ = {isa = PBXFileReference; lastKnownFileType = sourcecode.c.objc; path = InstagramTests.m; sourceTree = "<group>"; };
		D650BF01286A3F7900D28D22 /* InstagramUITests.xctest */ = {isa = PBXFileReference; explicitFileType = wrapper.cfbundle; includeInIndex = 0; path = InstagramUITests.xctest; sourceTree = BUILT_PRODUCTS_DIR; };
		D650BF05286A3F7900D28D22 /* InstagramUITests.m */ = {isa = PBXFileReference; lastKnownFileType = sourcecode.c.objc; path = InstagramUITests.m; sourceTree = "<group>"; };
		D650BF07286A3F7900D28D22 /* InstagramUITestsLaunchTests.m */ = {isa = PBXFileReference; lastKnownFileType = sourcecode.c.objc; path = InstagramUITestsLaunchTests.m; sourceTree = "<group>"; };
		D756CBE36BE0A637F7B0D0DA /* Pods-Instagram-InstagramUITests.release.xcconfig */ = {isa = PBXFileReference; includeInIndex = 1; lastKnownFileType = text.xcconfig; name = "Pods-Instagram-InstagramUITests.release.xcconfig"; path = "Target Support Files/Pods-Instagram-InstagramUITests/Pods-Instagram-InstagramUITests.release.xcconfig"; sourceTree = "<group>"; };
		F8400C1B5B84047AE43333F2 /* Pods-Instagram.debug.xcconfig */ = {isa = PBXFileReference; includeInIndex = 1; lastKnownFileType = text.xcconfig; name = "Pods-Instagram.debug.xcconfig"; path = "Target Support Files/Pods-Instagram/Pods-Instagram.debug.xcconfig"; sourceTree = "<group>"; };
/* End PBXFileReference section */

/* Begin PBXFrameworksBuildPhase section */
		D650BED9286A3F7700D28D22 /* Frameworks */ = {
			isa = PBXFrameworksBuildPhase;
			buildActionMask = 2147483647;
			files = (
				ADE2CB9CC9D13599A385641C /* Pods_Instagram.framework in Frameworks */,
			);
			runOnlyForDeploymentPostprocessing = 0;
		};
		D650BEF4286A3F7900D28D22 /* Frameworks */ = {
			isa = PBXFrameworksBuildPhase;
			buildActionMask = 2147483647;
			files = (
				5961C9172FEB4D052C6DC1C2 /* Pods_InstagramTests.framework in Frameworks */,
			);
			runOnlyForDeploymentPostprocessing = 0;
		};
		D650BEFE286A3F7900D28D22 /* Frameworks */ = {
			isa = PBXFrameworksBuildPhase;
			buildActionMask = 2147483647;
			files = (
				3A09538846A071CAFDF67D98 /* Pods_Instagram_InstagramUITests.framework in Frameworks */,
			);
			runOnlyForDeploymentPostprocessing = 0;
		};
/* End PBXFrameworksBuildPhase section */

/* Begin PBXGroup section */
		AAF1800373388DCF0BC8BE68 /* Pods */ = {
			isa = PBXGroup;
			children = (
				F8400C1B5B84047AE43333F2 /* Pods-Instagram.debug.xcconfig */,
				0227BC461DC7D35477D93B33 /* Pods-Instagram.release.xcconfig */,
				8204C58829B14DE35223E27E /* Pods-Instagram-InstagramUITests.debug.xcconfig */,
				D756CBE36BE0A637F7B0D0DA /* Pods-Instagram-InstagramUITests.release.xcconfig */,
				0CC2F3DE096B530868B80082 /* Pods-InstagramTests.debug.xcconfig */,
				25E0F11B126D9D39C0F2CC84 /* Pods-InstagramTests.release.xcconfig */,
			);
			path = Pods;
			sourceTree = "<group>";
		};
		CE1E05E86454CC43999701D4 /* Frameworks */ = {
			isa = PBXGroup;
			children = (
				81839E74393345E8EB5249B0 /* Pods_Instagram.framework */,
				4280355E0DFCF7C085502E4F /* Pods_Instagram_InstagramUITests.framework */,
				1872EC30D307CDBD5AC80688 /* Pods_InstagramTests.framework */,
			);
			name = Frameworks;
			sourceTree = "<group>";
		};
		D650BED3286A3F7700D28D22 = {
			isa = PBXGroup;
			children = (
				D650BEDE286A3F7700D28D22 /* Instagram */,
				D650BEFA286A3F7900D28D22 /* InstagramTests */,
				D650BF04286A3F7900D28D22 /* InstagramUITests */,
				D650BEDD286A3F7700D28D22 /* Products */,
				AAF1800373388DCF0BC8BE68 /* Pods */,
				CE1E05E86454CC43999701D4 /* Frameworks */,
			);
			sourceTree = "<group>";
		};
		D650BEDD286A3F7700D28D22 /* Products */ = {
			isa = PBXGroup;
			children = (
				D650BEDC286A3F7700D28D22 /* Instagram.app */,
				D650BEF7286A3F7900D28D22 /* InstagramTests.xctest */,
				D650BF01286A3F7900D28D22 /* InstagramUITests.xctest */,
			);
			name = Products;
			sourceTree = "<group>";
		};
		D650BEDE286A3F7700D28D22 /* Instagram */ = {
			isa = PBXGroup;
			children = (
				D64D18A4286A440C0040E439 /* instagram_assets */,
				D650BEDF286A3F7700D28D22 /* AppDelegate.h */,
				D650BEE0286A3F7700D28D22 /* AppDelegate.m */,
				D650BEE2286A3F7700D28D22 /* SceneDelegate.h */,
				D650BEE3286A3F7700D28D22 /* SceneDelegate.m */,
				D650BEE8286A3F7800D28D22 /* Main.storyboard */,
				D650BEEB286A3F7800D28D22 /* Assets.xcassets */,
				D650BEED286A3F7800D28D22 /* LaunchScreen.storyboard */,
				D650BEF0286A3F7800D28D22 /* Info.plist */,
				D650BEF1286A3F7800D28D22 /* main.m */,
				D64D18A6286A474F0040E439 /* LoginViewController.h */,
				D64D18A7286A474F0040E439 /* LoginViewController.m */,
				D64D18A9286A475C0040E439 /* HomeFeedViewController.h */,
				D64D18AA286A475C0040E439 /* HomeFeedViewController.m */,
				D64D18AF286A49550040E439 /* ProfileViewController.h */,
				D64D18B0286A49550040E439 /* ProfileViewController.m */,
				D64D18B2286A535A0040E439 /* ImagePickerViewController.h */,
				D64D18B3286A535A0040E439 /* ImagePickerViewController.m */,
				D64D18B5286A5E590040E439 /* Post.h */,
				D64D18B6286A5E590040E439 /* Post.m */,
				D64D18B8286A6DF60040E439 /* PostTableViewCell.h */,
				D64D18B9286A6DF60040E439 /* PostTableViewCell.m */,
				D64D18BB286AAFFF0040E439 /* DetailsViewController.h */,
				D64D18BC286AAFFF0040E439 /* DetailsViewController.m */,
			);
			path = Instagram;
			sourceTree = "<group>";
		};
		D650BEFA286A3F7900D28D22 /* InstagramTests */ = {
			isa = PBXGroup;
			children = (
				D650BEFB286A3F7900D28D22 /* InstagramTests.m */,
			);
			path = InstagramTests;
			sourceTree = "<group>";
		};
		D650BF04286A3F7900D28D22 /* InstagramUITests */ = {
			isa = PBXGroup;
			children = (
				D650BF05286A3F7900D28D22 /* InstagramUITests.m */,
				D650BF07286A3F7900D28D22 /* InstagramUITestsLaunchTests.m */,
			);
			path = InstagramUITests;
			sourceTree = "<group>";
		};
/* End PBXGroup section */

/* Begin PBXNativeTarget section */
		D650BEDB286A3F7700D28D22 /* Instagram */ = {
			isa = PBXNativeTarget;
			buildConfigurationList = D650BF0B286A3F7900D28D22 /* Build configuration list for PBXNativeTarget "Instagram" */;
			buildPhases = (
				32080D8EB48E1CBD66F29DD4 /* [CP] Check Pods Manifest.lock */,
				D650BED8286A3F7700D28D22 /* Sources */,
				D650BED9286A3F7700D28D22 /* Frameworks */,
				D650BEDA286A3F7700D28D22 /* Resources */,
				C52A38E3183F45ACACA3A4A6 /* [CP] Embed Pods Frameworks */,
			);
			buildRules = (
			);
			dependencies = (
			);
			name = Instagram;
			productName = Instagram;
			productReference = D650BEDC286A3F7700D28D22 /* Instagram.app */;
			productType = "com.apple.product-type.application";
		};
		D650BEF6286A3F7900D28D22 /* InstagramTests */ = {
			isa = PBXNativeTarget;
			buildConfigurationList = D650BF0E286A3F7900D28D22 /* Build configuration list for PBXNativeTarget "InstagramTests" */;
			buildPhases = (
				338D61C3BD7579BFCD2C941A /* [CP] Check Pods Manifest.lock */,
				D650BEF3286A3F7900D28D22 /* Sources */,
				D650BEF4286A3F7900D28D22 /* Frameworks */,
				D650BEF5286A3F7900D28D22 /* Resources */,
			);
			buildRules = (
			);
			dependencies = (
				D650BEF9286A3F7900D28D22 /* PBXTargetDependency */,
			);
			name = InstagramTests;
			productName = InstagramTests;
			productReference = D650BEF7286A3F7900D28D22 /* InstagramTests.xctest */;
			productType = "com.apple.product-type.bundle.unit-test";
		};
		D650BF00286A3F7900D28D22 /* InstagramUITests */ = {
			isa = PBXNativeTarget;
			buildConfigurationList = D650BF11286A3F7900D28D22 /* Build configuration list for PBXNativeTarget "InstagramUITests" */;
			buildPhases = (
				FFD35AB4CCD50452598FE5B5 /* [CP] Check Pods Manifest.lock */,
				D650BEFD286A3F7900D28D22 /* Sources */,
				D650BEFE286A3F7900D28D22 /* Frameworks */,
				D650BEFF286A3F7900D28D22 /* Resources */,
				EF7606CADAC07A7CD4C539B7 /* [CP] Embed Pods Frameworks */,
			);
			buildRules = (
			);
			dependencies = (
				D650BF03286A3F7900D28D22 /* PBXTargetDependency */,
			);
			name = InstagramUITests;
			productName = InstagramUITests;
			productReference = D650BF01286A3F7900D28D22 /* InstagramUITests.xctest */;
			productType = "com.apple.product-type.bundle.ui-testing";
		};
/* End PBXNativeTarget section */

/* Begin PBXProject section */
		D650BED4286A3F7700D28D22 /* Project object */ = {
			isa = PBXProject;
			attributes = {
				BuildIndependentTargetsInParallel = 1;
				LastUpgradeCheck = 1340;
				TargetAttributes = {
					D650BEDB286A3F7700D28D22 = {
						CreatedOnToolsVersion = 13.4.1;
					};
					D650BEF6286A3F7900D28D22 = {
						CreatedOnToolsVersion = 13.4.1;
						TestTargetID = D650BEDB286A3F7700D28D22;
					};
					D650BF00286A3F7900D28D22 = {
						CreatedOnToolsVersion = 13.4.1;
						TestTargetID = D650BEDB286A3F7700D28D22;
					};
				};
			};
			buildConfigurationList = D650BED7286A3F7700D28D22 /* Build configuration list for PBXProject "Instagram" */;
			compatibilityVersion = "Xcode 13.0";
			developmentRegion = en;
			hasScannedForEncodings = 0;
			knownRegions = (
				en,
				Base,
			);
			mainGroup = D650BED3286A3F7700D28D22;
			productRefGroup = D650BEDD286A3F7700D28D22 /* Products */;
			projectDirPath = "";
			projectRoot = "";
			targets = (
				D650BEDB286A3F7700D28D22 /* Instagram */,
				D650BEF6286A3F7900D28D22 /* InstagramTests */,
				D650BF00286A3F7900D28D22 /* InstagramUITests */,
			);
		};
/* End PBXProject section */

/* Begin PBXResourcesBuildPhase section */
		D650BEDA286A3F7700D28D22 /* Resources */ = {
			isa = PBXResourcesBuildPhase;
			buildActionMask = 2147483647;
			files = (
				D64D18A5286A440C0040E439 /* instagram_assets in Resources */,
				D650BEEF286A3F7800D28D22 /* LaunchScreen.storyboard in Resources */,
				D650BEEC286A3F7800D28D22 /* Assets.xcassets in Resources */,
				D650BEEA286A3F7800D28D22 /* Main.storyboard in Resources */,
			);
			runOnlyForDeploymentPostprocessing = 0;
		};
		D650BEF5286A3F7900D28D22 /* Resources */ = {
			isa = PBXResourcesBuildPhase;
			buildActionMask = 2147483647;
			files = (
			);
			runOnlyForDeploymentPostprocessing = 0;
		};
		D650BEFF286A3F7900D28D22 /* Resources */ = {
			isa = PBXResourcesBuildPhase;
			buildActionMask = 2147483647;
			files = (
			);
			runOnlyForDeploymentPostprocessing = 0;
		};
/* End PBXResourcesBuildPhase section */

/* Begin PBXShellScriptBuildPhase section */
		32080D8EB48E1CBD66F29DD4 /* [CP] Check Pods Manifest.lock */ = {
			isa = PBXShellScriptBuildPhase;
			buildActionMask = 2147483647;
			files = (
			);
			inputFileListPaths = (
			);
			inputPaths = (
				"${PODS_PODFILE_DIR_PATH}/Podfile.lock",
				"${PODS_ROOT}/Manifest.lock",
			);
			name = "[CP] Check Pods Manifest.lock";
			outputFileListPaths = (
			);
			outputPaths = (
				"$(DERIVED_FILE_DIR)/Pods-Instagram-checkManifestLockResult.txt",
			);
			runOnlyForDeploymentPostprocessing = 0;
			shellPath = /bin/sh;
			shellScript = "diff \"${PODS_PODFILE_DIR_PATH}/Podfile.lock\" \"${PODS_ROOT}/Manifest.lock\" > /dev/null\nif [ $? != 0 ] ; then\n    # print error to STDERR\n    echo \"error: The sandbox is not in sync with the Podfile.lock. Run 'pod install' or update your CocoaPods installation.\" >&2\n    exit 1\nfi\n# This output is used by Xcode 'outputs' to avoid re-running this script phase.\necho \"SUCCESS\" > \"${SCRIPT_OUTPUT_FILE_0}\"\n";
			showEnvVarsInLog = 0;
		};
		338D61C3BD7579BFCD2C941A /* [CP] Check Pods Manifest.lock */ = {
			isa = PBXShellScriptBuildPhase;
			buildActionMask = 2147483647;
			files = (
			);
			inputFileListPaths = (
			);
			inputPaths = (
				"${PODS_PODFILE_DIR_PATH}/Podfile.lock",
				"${PODS_ROOT}/Manifest.lock",
			);
			name = "[CP] Check Pods Manifest.lock";
			outputFileListPaths = (
			);
			outputPaths = (
				"$(DERIVED_FILE_DIR)/Pods-InstagramTests-checkManifestLockResult.txt",
			);
			runOnlyForDeploymentPostprocessing = 0;
			shellPath = /bin/sh;
			shellScript = "diff \"${PODS_PODFILE_DIR_PATH}/Podfile.lock\" \"${PODS_ROOT}/Manifest.lock\" > /dev/null\nif [ $? != 0 ] ; then\n    # print error to STDERR\n    echo \"error: The sandbox is not in sync with the Podfile.lock. Run 'pod install' or update your CocoaPods installation.\" >&2\n    exit 1\nfi\n# This output is used by Xcode 'outputs' to avoid re-running this script phase.\necho \"SUCCESS\" > \"${SCRIPT_OUTPUT_FILE_0}\"\n";
			showEnvVarsInLog = 0;
		};
		C52A38E3183F45ACACA3A4A6 /* [CP] Embed Pods Frameworks */ = {
			isa = PBXShellScriptBuildPhase;
			buildActionMask = 2147483647;
			files = (
			);
			inputFileListPaths = (
				"${PODS_ROOT}/Target Support Files/Pods-Instagram/Pods-Instagram-frameworks-${CONFIGURATION}-input-files.xcfilelist",
			);
			name = "[CP] Embed Pods Frameworks";
			outputFileListPaths = (
				"${PODS_ROOT}/Target Support Files/Pods-Instagram/Pods-Instagram-frameworks-${CONFIGURATION}-output-files.xcfilelist",
			);
			runOnlyForDeploymentPostprocessing = 0;
			shellPath = /bin/sh;
			shellScript = "\"${PODS_ROOT}/Target Support Files/Pods-Instagram/Pods-Instagram-frameworks.sh\"\n";
			showEnvVarsInLog = 0;
		};
		EF7606CADAC07A7CD4C539B7 /* [CP] Embed Pods Frameworks */ = {
			isa = PBXShellScriptBuildPhase;
			buildActionMask = 2147483647;
			files = (
			);
			inputFileListPaths = (
				"${PODS_ROOT}/Target Support Files/Pods-Instagram-InstagramUITests/Pods-Instagram-InstagramUITests-frameworks-${CONFIGURATION}-input-files.xcfilelist",
			);
			name = "[CP] Embed Pods Frameworks";
			outputFileListPaths = (
				"${PODS_ROOT}/Target Support Files/Pods-Instagram-InstagramUITests/Pods-Instagram-InstagramUITests-frameworks-${CONFIGURATION}-output-files.xcfilelist",
			);
			runOnlyForDeploymentPostprocessing = 0;
			shellPath = /bin/sh;
			shellScript = "\"${PODS_ROOT}/Target Support Files/Pods-Instagram-InstagramUITests/Pods-Instagram-InstagramUITests-frameworks.sh\"\n";
			showEnvVarsInLog = 0;
		};
		FFD35AB4CCD50452598FE5B5 /* [CP] Check Pods Manifest.lock */ = {
			isa = PBXShellScriptBuildPhase;
			buildActionMask = 2147483647;
			files = (
			);
			inputFileListPaths = (
			);
			inputPaths = (
				"${PODS_PODFILE_DIR_PATH}/Podfile.lock",
				"${PODS_ROOT}/Manifest.lock",
			);
			name = "[CP] Check Pods Manifest.lock";
			outputFileListPaths = (
			);
			outputPaths = (
				"$(DERIVED_FILE_DIR)/Pods-Instagram-InstagramUITests-checkManifestLockResult.txt",
			);
			runOnlyForDeploymentPostprocessing = 0;
			shellPath = /bin/sh;
			shellScript = "diff \"${PODS_PODFILE_DIR_PATH}/Podfile.lock\" \"${PODS_ROOT}/Manifest.lock\" > /dev/null\nif [ $? != 0 ] ; then\n    # print error to STDERR\n    echo \"error: The sandbox is not in sync with the Podfile.lock. Run 'pod install' or update your CocoaPods installation.\" >&2\n    exit 1\nfi\n# This output is used by Xcode 'outputs' to avoid re-running this script phase.\necho \"SUCCESS\" > \"${SCRIPT_OUTPUT_FILE_0}\"\n";
			showEnvVarsInLog = 0;
		};
/* End PBXShellScriptBuildPhase section */

/* Begin PBXSourcesBuildPhase section */
		D650BED8286A3F7700D28D22 /* Sources */ = {
			isa = PBXSourcesBuildPhase;
			buildActionMask = 2147483647;
			files = (
				D64D18AB286A475C0040E439 /* HomeFeedViewController.m in Sources */,
				D64D18BD286AAFFF0040E439 /* DetailsViewController.m in Sources */,
				D64D18BA286A6DF60040E439 /* PostTableViewCell.m in Sources */,
				D64D18B1286A49550040E439 /* ProfileViewController.m in Sources */,
				D650BEE1286A3F7700D28D22 /* AppDelegate.m in Sources */,
				D650BEF2286A3F7800D28D22 /* main.m in Sources */,
				D650BEE4286A3F7700D28D22 /* SceneDelegate.m in Sources */,
				D64D18B4286A535A0040E439 /* ImagePickerViewController.m in Sources */,
				D64D18A8286A474F0040E439 /* LoginViewController.m in Sources */,
				D64D18B7286A5E590040E439 /* Post.m in Sources */,
			);
			runOnlyForDeploymentPostprocessing = 0;
		};
		D650BEF3286A3F7900D28D22 /* Sources */ = {
			isa = PBXSourcesBuildPhase;
			buildActionMask = 2147483647;
			files = (
				D650BEFC286A3F7900D28D22 /* InstagramTests.m in Sources */,
			);
			runOnlyForDeploymentPostprocessing = 0;
		};
		D650BEFD286A3F7900D28D22 /* Sources */ = {
			isa = PBXSourcesBuildPhase;
			buildActionMask = 2147483647;
			files = (
				D650BF06286A3F7900D28D22 /* InstagramUITests.m in Sources */,
				D650BF08286A3F7900D28D22 /* InstagramUITestsLaunchTests.m in Sources */,
			);
			runOnlyForDeploymentPostprocessing = 0;
		};
/* End PBXSourcesBuildPhase section */

/* Begin PBXTargetDependency section */
		D650BEF9286A3F7900D28D22 /* PBXTargetDependency */ = {
			isa = PBXTargetDependency;
			target = D650BEDB286A3F7700D28D22 /* Instagram */;
			targetProxy = D650BEF8286A3F7900D28D22 /* PBXContainerItemProxy */;
		};
		D650BF03286A3F7900D28D22 /* PBXTargetDependency */ = {
			isa = PBXTargetDependency;
			target = D650BEDB286A3F7700D28D22 /* Instagram */;
			targetProxy = D650BF02286A3F7900D28D22 /* PBXContainerItemProxy */;
		};
/* End PBXTargetDependency section */

/* Begin PBXVariantGroup section */
		D650BEE8286A3F7800D28D22 /* Main.storyboard */ = {
			isa = PBXVariantGroup;
			children = (
				D650BEE9286A3F7800D28D22 /* Base */,
			);
			name = Main.storyboard;
			sourceTree = "<group>";
		};
		D650BEED286A3F7800D28D22 /* LaunchScreen.storyboard */ = {
			isa = PBXVariantGroup;
			children = (
				D650BEEE286A3F7800D28D22 /* Base */,
			);
			name = LaunchScreen.storyboard;
			sourceTree = "<group>";
		};
/* End PBXVariantGroup section */

/* Begin XCBuildConfiguration section */
		D650BF09286A3F7900D28D22 /* Debug */ = {
			isa = XCBuildConfiguration;
			buildSettings = {
				ALWAYS_SEARCH_USER_PATHS = NO;
				CLANG_ANALYZER_NONNULL = YES;
				CLANG_ANALYZER_NUMBER_OBJECT_CONVERSION = YES_AGGRESSIVE;
				CLANG_CXX_LANGUAGE_STANDARD = "gnu++17";
				CLANG_ENABLE_MODULES = YES;
				CLANG_ENABLE_OBJC_ARC = YES;
				CLANG_ENABLE_OBJC_WEAK = YES;
				CLANG_WARN_BLOCK_CAPTURE_AUTORELEASING = YES;
				CLANG_WARN_BOOL_CONVERSION = YES;
				CLANG_WARN_COMMA = YES;
				CLANG_WARN_CONSTANT_CONVERSION = YES;
				CLANG_WARN_DEPRECATED_OBJC_IMPLEMENTATIONS = YES;
				CLANG_WARN_DIRECT_OBJC_ISA_USAGE = YES_ERROR;
				CLANG_WARN_DOCUMENTATION_COMMENTS = YES;
				CLANG_WARN_EMPTY_BODY = YES;
				CLANG_WARN_ENUM_CONVERSION = YES;
				CLANG_WARN_INFINITE_RECURSION = YES;
				CLANG_WARN_INT_CONVERSION = YES;
				CLANG_WARN_NON_LITERAL_NULL_CONVERSION = YES;
				CLANG_WARN_OBJC_IMPLICIT_RETAIN_SELF = YES;
				CLANG_WARN_OBJC_LITERAL_CONVERSION = YES;
				CLANG_WARN_OBJC_ROOT_CLASS = YES_ERROR;
				CLANG_WARN_QUOTED_INCLUDE_IN_FRAMEWORK_HEADER = YES;
				CLANG_WARN_RANGE_LOOP_ANALYSIS = YES;
				CLANG_WARN_STRICT_PROTOTYPES = YES;
				CLANG_WARN_SUSPICIOUS_MOVE = YES;
				CLANG_WARN_UNGUARDED_AVAILABILITY = YES_AGGRESSIVE;
				CLANG_WARN_UNREACHABLE_CODE = YES;
				CLANG_WARN__DUPLICATE_METHOD_MATCH = YES;
				COPY_PHASE_STRIP = NO;
				DEBUG_INFORMATION_FORMAT = dwarf;
				ENABLE_STRICT_OBJC_MSGSEND = YES;
				ENABLE_TESTABILITY = YES;
				GCC_C_LANGUAGE_STANDARD = gnu11;
				GCC_DYNAMIC_NO_PIC = NO;
				GCC_NO_COMMON_BLOCKS = YES;
				GCC_OPTIMIZATION_LEVEL = 0;
				GCC_PREPROCESSOR_DEFINITIONS = (
					"DEBUG=1",
					"$(inherited)",
				);
				GCC_WARN_64_TO_32_BIT_CONVERSION = YES;
				GCC_WARN_ABOUT_RETURN_TYPE = YES_ERROR;
				GCC_WARN_UNDECLARED_SELECTOR = YES;
				GCC_WARN_UNINITIALIZED_AUTOS = YES_AGGRESSIVE;
				GCC_WARN_UNUSED_FUNCTION = YES;
				GCC_WARN_UNUSED_VARIABLE = YES;
				IPHONEOS_DEPLOYMENT_TARGET = 15.5;
				MTL_ENABLE_DEBUG_INFO = INCLUDE_SOURCE;
				MTL_FAST_MATH = YES;
				ONLY_ACTIVE_ARCH = YES;
				SDKROOT = iphoneos;
			};
			name = Debug;
		};
		D650BF0A286A3F7900D28D22 /* Release */ = {
			isa = XCBuildConfiguration;
			buildSettings = {
				ALWAYS_SEARCH_USER_PATHS = NO;
				CLANG_ANALYZER_NONNULL = YES;
				CLANG_ANALYZER_NUMBER_OBJECT_CONVERSION = YES_AGGRESSIVE;
				CLANG_CXX_LANGUAGE_STANDARD = "gnu++17";
				CLANG_ENABLE_MODULES = YES;
				CLANG_ENABLE_OBJC_ARC = YES;
				CLANG_ENABLE_OBJC_WEAK = YES;
				CLANG_WARN_BLOCK_CAPTURE_AUTORELEASING = YES;
				CLANG_WARN_BOOL_CONVERSION = YES;
				CLANG_WARN_COMMA = YES;
				CLANG_WARN_CONSTANT_CONVERSION = YES;
				CLANG_WARN_DEPRECATED_OBJC_IMPLEMENTATIONS = YES;
				CLANG_WARN_DIRECT_OBJC_ISA_USAGE = YES_ERROR;
				CLANG_WARN_DOCUMENTATION_COMMENTS = YES;
				CLANG_WARN_EMPTY_BODY = YES;
				CLANG_WARN_ENUM_CONVERSION = YES;
				CLANG_WARN_INFINITE_RECURSION = YES;
				CLANG_WARN_INT_CONVERSION = YES;
				CLANG_WARN_NON_LITERAL_NULL_CONVERSION = YES;
				CLANG_WARN_OBJC_IMPLICIT_RETAIN_SELF = YES;
				CLANG_WARN_OBJC_LITERAL_CONVERSION = YES;
				CLANG_WARN_OBJC_ROOT_CLASS = YES_ERROR;
				CLANG_WARN_QUOTED_INCLUDE_IN_FRAMEWORK_HEADER = YES;
				CLANG_WARN_RANGE_LOOP_ANALYSIS = YES;
				CLANG_WARN_STRICT_PROTOTYPES = YES;
				CLANG_WARN_SUSPICIOUS_MOVE = YES;
				CLANG_WARN_UNGUARDED_AVAILABILITY = YES_AGGRESSIVE;
				CLANG_WARN_UNREACHABLE_CODE = YES;
				CLANG_WARN__DUPLICATE_METHOD_MATCH = YES;
				COPY_PHASE_STRIP = NO;
				DEBUG_INFORMATION_FORMAT = "dwarf-with-dsym";
				ENABLE_NS_ASSERTIONS = NO;
				ENABLE_STRICT_OBJC_MSGSEND = YES;
				GCC_C_LANGUAGE_STANDARD = gnu11;
				GCC_NO_COMMON_BLOCKS = YES;
				GCC_WARN_64_TO_32_BIT_CONVERSION = YES;
				GCC_WARN_ABOUT_RETURN_TYPE = YES_ERROR;
				GCC_WARN_UNDECLARED_SELECTOR = YES;
				GCC_WARN_UNINITIALIZED_AUTOS = YES_AGGRESSIVE;
				GCC_WARN_UNUSED_FUNCTION = YES;
				GCC_WARN_UNUSED_VARIABLE = YES;
				IPHONEOS_DEPLOYMENT_TARGET = 15.5;
				MTL_ENABLE_DEBUG_INFO = NO;
				MTL_FAST_MATH = YES;
				SDKROOT = iphoneos;
				VALIDATE_PRODUCT = YES;
			};
			name = Release;
		};
		D650BF0C286A3F7900D28D22 /* Debug */ = {
			isa = XCBuildConfiguration;
			baseConfigurationReference = F8400C1B5B84047AE43333F2 /* Pods-Instagram.debug.xcconfig */;
			buildSettings = {
				ASSETCATALOG_COMPILER_APPICON_NAME = AppIcon;
				ASSETCATALOG_COMPILER_GLOBAL_ACCENT_COLOR_NAME = AccentColor;
				CODE_SIGN_STYLE = Automatic;
				CURRENT_PROJECT_VERSION = 1;
				GENERATE_INFOPLIST_FILE = YES;
				INFOPLIST_FILE = Instagram/Info.plist;
				INFOPLIST_KEY_UIApplicationSupportsIndirectInputEvents = YES;
				INFOPLIST_KEY_UILaunchStoryboardName = LaunchScreen;
				INFOPLIST_KEY_UIMainStoryboardFile = Main;
				INFOPLIST_KEY_UISupportedInterfaceOrientations_iPad = "UIInterfaceOrientationPortrait UIInterfaceOrientationPortraitUpsideDown UIInterfaceOrientationLandscapeLeft UIInterfaceOrientationLandscapeRight";
				INFOPLIST_KEY_UISupportedInterfaceOrientations_iPhone = "UIInterfaceOrientationPortrait UIInterfaceOrientationLandscapeLeft UIInterfaceOrientationLandscapeRight";
				LD_RUNPATH_SEARCH_PATHS = (
					"$(inherited)",
					"@executable_path/Frameworks",
				);
				MARKETING_VERSION = 1.0;
				PRODUCT_BUNDLE_IDENTIFIER = com.maingo.Instagram;
				PRODUCT_NAME = "$(TARGET_NAME)";
				SWIFT_EMIT_LOC_STRINGS = YES;
				TARGETED_DEVICE_FAMILY = "1,2";
			};
			name = Debug;
		};
		D650BF0D286A3F7900D28D22 /* Release */ = {
			isa = XCBuildConfiguration;
			baseConfigurationReference = 0227BC461DC7D35477D93B33 /* Pods-Instagram.release.xcconfig */;
			buildSettings = {
				ASSETCATALOG_COMPILER_APPICON_NAME = AppIcon;
				ASSETCATALOG_COMPILER_GLOBAL_ACCENT_COLOR_NAME = AccentColor;
				CODE_SIGN_STYLE = Automatic;
				CURRENT_PROJECT_VERSION = 1;
				GENERATE_INFOPLIST_FILE = YES;
				INFOPLIST_FILE = Instagram/Info.plist;
				INFOPLIST_KEY_UIApplicationSupportsIndirectInputEvents = YES;
				INFOPLIST_KEY_UILaunchStoryboardName = LaunchScreen;
				INFOPLIST_KEY_UIMainStoryboardFile = Main;
				INFOPLIST_KEY_UISupportedInterfaceOrientations_iPad = "UIInterfaceOrientationPortrait UIInterfaceOrientationPortraitUpsideDown UIInterfaceOrientationLandscapeLeft UIInterfaceOrientationLandscapeRight";
				INFOPLIST_KEY_UISupportedInterfaceOrientations_iPhone = "UIInterfaceOrientationPortrait UIInterfaceOrientationLandscapeLeft UIInterfaceOrientationLandscapeRight";
				LD_RUNPATH_SEARCH_PATHS = (
					"$(inherited)",
					"@executable_path/Frameworks",
				);
				MARKETING_VERSION = 1.0;
				PRODUCT_BUNDLE_IDENTIFIER = com.maingo.Instagram;
				PRODUCT_NAME = "$(TARGET_NAME)";
				SWIFT_EMIT_LOC_STRINGS = YES;
				TARGETED_DEVICE_FAMILY = "1,2";
			};
			name = Release;
		};
		D650BF0F286A3F7900D28D22 /* Debug */ = {
			isa = XCBuildConfiguration;
			baseConfigurationReference = 0CC2F3DE096B530868B80082 /* Pods-InstagramTests.debug.xcconfig */;
			buildSettings = {
				BUNDLE_LOADER = "$(TEST_HOST)";
				CODE_SIGN_STYLE = Automatic;
				CURRENT_PROJECT_VERSION = 1;
				GENERATE_INFOPLIST_FILE = YES;
				IPHONEOS_DEPLOYMENT_TARGET = 15.5;
				MARKETING_VERSION = 1.0;
				PRODUCT_BUNDLE_IDENTIFIER = com.maingo.InstagramTests;
				PRODUCT_NAME = "$(TARGET_NAME)";
				SWIFT_EMIT_LOC_STRINGS = NO;
				TARGETED_DEVICE_FAMILY = "1,2";
				TEST_HOST = "$(BUILT_PRODUCTS_DIR)/Instagram.app/Instagram";
			};
			name = Debug;
		};
		D650BF10286A3F7900D28D22 /* Release */ = {
			isa = XCBuildConfiguration;
			baseConfigurationReference = 25E0F11B126D9D39C0F2CC84 /* Pods-InstagramTests.release.xcconfig */;
			buildSettings = {
				BUNDLE_LOADER = "$(TEST_HOST)";
				CODE_SIGN_STYLE = Automatic;
				CURRENT_PROJECT_VERSION = 1;
				GENERATE_INFOPLIST_FILE = YES;
				IPHONEOS_DEPLOYMENT_TARGET = 15.5;
				MARKETING_VERSION = 1.0;
				PRODUCT_BUNDLE_IDENTIFIER = com.maingo.InstagramTests;
				PRODUCT_NAME = "$(TARGET_NAME)";
				SWIFT_EMIT_LOC_STRINGS = NO;
				TARGETED_DEVICE_FAMILY = "1,2";
				TEST_HOST = "$(BUILT_PRODUCTS_DIR)/Instagram.app/Instagram";
			};
			name = Release;
		};
		D650BF12286A3F7900D28D22 /* Debug */ = {
			isa = XCBuildConfiguration;
			baseConfigurationReference = 8204C58829B14DE35223E27E /* Pods-Instagram-InstagramUITests.debug.xcconfig */;
			buildSettings = {
				CODE_SIGN_STYLE = Automatic;
				CURRENT_PROJECT_VERSION = 1;
				GENERATE_INFOPLIST_FILE = YES;
				MARKETING_VERSION = 1.0;
				PRODUCT_BUNDLE_IDENTIFIER = com.maingo.InstagramUITests;
				PRODUCT_NAME = "$(TARGET_NAME)";
				SWIFT_EMIT_LOC_STRINGS = NO;
				TARGETED_DEVICE_FAMILY = "1,2";
				TEST_TARGET_NAME = Instagram;
			};
			name = Debug;
		};
		D650BF13286A3F7900D28D22 /* Release */ = {
			isa = XCBuildConfiguration;
			baseConfigurationReference = D756CBE36BE0A637F7B0D0DA /* Pods-Instagram-InstagramUITests.release.xcconfig */;
			buildSettings = {
				CODE_SIGN_STYLE = Automatic;
				CURRENT_PROJECT_VERSION = 1;
				GENERATE_INFOPLIST_FILE = YES;
				MARKETING_VERSION = 1.0;
				PRODUCT_BUNDLE_IDENTIFIER = com.maingo.InstagramUITests;
				PRODUCT_NAME = "$(TARGET_NAME)";
				SWIFT_EMIT_LOC_STRINGS = NO;
				TARGETED_DEVICE_FAMILY = "1,2";
				TEST_TARGET_NAME = Instagram;
			};
			name = Release;
		};
/* End XCBuildConfiguration section */

/* Begin XCConfigurationList section */
		D650BED7286A3F7700D28D22 /* Build configuration list for PBXProject "Instagram" */ = {
			isa = XCConfigurationList;
			buildConfigurations = (
				D650BF09286A3F7900D28D22 /* Debug */,
				D650BF0A286A3F7900D28D22 /* Release */,
			);
			defaultConfigurationIsVisible = 0;
			defaultConfigurationName = Release;
		};
		D650BF0B286A3F7900D28D22 /* Build configuration list for PBXNativeTarget "Instagram" */ = {
			isa = XCConfigurationList;
			buildConfigurations = (
				D650BF0C286A3F7900D28D22 /* Debug */,
				D650BF0D286A3F7900D28D22 /* Release */,
			);
			defaultConfigurationIsVisible = 0;
			defaultConfigurationName = Release;
		};
		D650BF0E286A3F7900D28D22 /* Build configuration list for PBXNativeTarget "InstagramTests" */ = {
			isa = XCConfigurationList;
			buildConfigurations = (
				D650BF0F286A3F7900D28D22 /* Debug */,
				D650BF10286A3F7900D28D22 /* Release */,
			);
			defaultConfigurationIsVisible = 0;
			defaultConfigurationName = Release;
		};
		D650BF11286A3F7900D28D22 /* Build configuration list for PBXNativeTarget "InstagramUITests" */ = {
			isa = XCConfigurationList;
			buildConfigurations = (
				D650BF12286A3F7900D28D22 /* Debug */,
				D650BF13286A3F7900D28D22 /* Release */,
			);
			defaultConfigurationIsVisible = 0;
			defaultConfigurationName = Release;
		};
/* End XCConfigurationList section */
	};
	rootObject = D650BED4286A3F7700D28D22 /* Project object */;
}
